
Microsoft Visual Studio Solution File, Format Version 12.00
# Visual Studio Version 17
VisualStudioVersion = 17.5.33414.496
MinimumVisualStudioVersion = 10.0.40219.1
Project("{FAE04EC0-301F-11D3-BF4B-00C04F79EFBC}") = "tpmodul3_1302213111", "tpmodul3_1302213111\tpmodul3_1302213111.csproj", "{6C9C9982-BE0D-4026-B840-E5AD57D52289}"
EndProject
Global
	GlobalSection(SolutionConfigurationPlatforms) = preSolution
		Debug|Any CPU = Debug|Any CPU
		Release|Any CPU = Release|Any CPU
	EndGlobalSection
	GlobalSection(ProjectConfigurationPlatforms) = postSolution
		{6C9C9982-BE0D-4026-B840-E5AD57D52289}.Debug|Any CPU.ActiveCfg = Debug|Any CPU
		{6C9C9982-BE0D-4026-B840-E5AD57D52289}.Debug|Any CPU.Build.0 = Debug|Any CPU
		{6C9C9982-BE0D-4026-B840-E5AD57D52289}.Release|Any CPU.ActiveCfg = Release|Any CPU
		{6C9C9982-BE0D-4026-B840-E5AD57D52289}.Release|Any CPU.Build.0 = Release|Any CPU
	EndGlobalSection
	GlobalSection(SolutionProperties) = preSolution
		HideSolutionNode = FALSE
	EndGlobalSection
	GlobalSection(ExtensibilityGlobals) = postSolution
		SolutionGuid = {0DC0A727-F29E-49D1-A05C-5C7ACCDC9CE1}
	EndGlobalSection
EndGlobal
